
Microsoft Visual Studio Solution File, Format Version 12.00
# Visual Studio Version 17
VisualStudioVersion = 17.0.31903.59
MinimumVisualStudioVersion = 10.0.40219.1
Project("{2150E333-8FDC-42A3-9474-1A3956D46DE8}") = "src", "src", "{827E0CD3-B72D-47B6-A68D-7590B98EB39B}"
EndProject
Project("{FAE04EC0-301F-11D3-BF4B-00C04F79EFBC}") = "LowlandTech.Plugins", "src\lowlandtech.plugins\LowlandTech.Plugins.csproj", "{5B185D20-9A69-4A88-89D9-77977EDD64A4}"
EndProject
Project("{2150E333-8FDC-42A3-9474-1A3956D46DE8}") = "tests", "tests", "{0AB3BF05-4346-4AA6-1389-037BE0695223}"
EndProject
Project("{FAE04EC0-301F-11D3-BF4B-00C04F79EFBC}") = "LowlandTech.Plugins.Tests", "tests\lowlandtech.plugins.tests\LowlandTech.Plugins.Tests.csproj", "{420FE435-FFEE-4828-B33C-15CAF03DD68A}"
EndProject
Project("{2150E333-8FDC-42A3-9474-1A3956D46DE8}") = "samples", "samples", "{5D20AA90-6969-D8BD-9DCD-8634F4692FDA}"
EndProject
Project("{FAE04EC0-301F-11D3-BF4B-00C04F79EFBC}") = "LowlandTech.Sample.Api", "samples\lowlandtech.sample.api\LowlandTech.Sample.Api.csproj", "{D2A6C80E-FB5A-460C-B845-4B1026C55CCB}"
EndProject
Project("{FAE04EC0-301F-11D3-BF4B-00C04F79EFBC}") = "LowlandTech.Sample.Backend", "samples\lowlandtech.sample.backend\LowlandTech.Sample.Backend.csproj", "{C995789E-3EA4-4342-811E-BA932CE9F159}"
EndProject
Project("{FAE04EC0-301F-11D3-BF4B-00C04F79EFBC}") = "LowlandTech.Plugins.AspNetCore", "src\LowlandTech.Plugins.AspNetCore\LowlandTech.Plugins.AspNetCore.csproj", "{0CA72ECB-9EFC-4C3B-936F-D2A377A3B9DC}"
EndProject
Project("{2150E333-8FDC-42A3-9474-1A3956D46DE8}") = "files", "files", "{02EA681E-C7D8-13C7-8484-4AC65E1B71E8}"
	ProjectSection(SolutionItems) = preProject
		README.md = README.md
	EndProjectSection
EndProject
Project("{FAE04EC0-301F-11D3-BF4B-00C04F79EFBC}") = "LowlandTech.Sample.Frontend", "samples\lowlandtech.sample.frontend\LowlandTech.Sample.Frontend.csproj", "{650E986F-DEAC-4710-A197-A3FB76E111E6}"
EndProject
Global
	GlobalSection(SolutionConfigurationPlatforms) = preSolution
		Debug|Any CPU = Debug|Any CPU
		Debug|x64 = Debug|x64
		Debug|x86 = Debug|x86
		Release|Any CPU = Release|Any CPU
		Release|x64 = Release|x64
		Release|x86 = Release|x86
	EndGlobalSection
	GlobalSection(ProjectConfigurationPlatforms) = postSolution
		{5B185D20-9A69-4A88-89D9-77977EDD64A4}.Debug|Any CPU.ActiveCfg = Debug|Any CPU
		{5B185D20-9A69-4A88-89D9-77977EDD64A4}.Debug|Any CPU.Build.0 = Debug|Any CPU
		{5B185D20-9A69-4A88-89D9-77977EDD64A4}.Debug|x64.ActiveCfg = Debug|Any CPU
		{5B185D20-9A69-4A88-89D9-77977EDD64A4}.Debug|x64.Build.0 = Debug|Any CPU
		{5B185D20-9A69-4A88-89D9-77977EDD64A4}.Debug|x86.ActiveCfg = Debug|Any CPU
		{5B185D20-9A69-4A88-89D9-77977EDD64A4}.Debug|x86.Build.0 = Debug|Any CPU
		{5B185D20-9A69-4A88-89D9-77977EDD64A4}.Release|Any CPU.ActiveCfg = Release|Any CPU
		{5B185D20-9A69-4A88-89D9-77977EDD64A4}.Release|Any CPU.Build.0 = Release|Any CPU
		{5B185D20-9A69-4A88-89D9-77977EDD64A4}.Release|x64.ActiveCfg = Release|Any CPU
		{5B185D20-9A69-4A88-89D9-77977EDD64A4}.Release|x64.Build.0 = Release|Any CPU
		{5B185D20-9A69-4A88-89D9-77977EDD64A4}.Release|x86.ActiveCfg = Release|Any CPU
		{5B185D20-9A69-4A88-89D9-77977EDD64A4}.Release|x86.Build.0 = Release|Any CPU
		{420FE435-FFEE-4828-B33C-15CAF03DD68A}.Debug|Any CPU.ActiveCfg = Debug|Any CPU
		{420FE435-FFEE-4828-B33C-15CAF03DD68A}.Debug|Any CPU.Build.0 = Debug|Any CPU
		{420FE435-FFEE-4828-B33C-15CAF03DD68A}.Debug|x64.ActiveCfg = Debug|Any CPU
		{420FE435-FFEE-4828-B33C-15CAF03DD68A}.Debug|x64.Build.0 = Debug|Any CPU
		{420FE435-FFEE-4828-B33C-15CAF03DD68A}.Debug|x86.ActiveCfg = Debug|Any CPU
		{420FE435-FFEE-4828-B33C-15CAF03DD68A}.Debug|x86.Build.0 = Debug|Any CPU
		{420FE435-FFEE-4828-B33C-15CAF03DD68A}.Release|Any CPU.ActiveCfg = Release|Any CPU
		{420FE435-FFEE-4828-B33C-15CAF03DD68A}.Release|Any CPU.Build.0 = Release|Any CPU
		{420FE435-FFEE-4828-B33C-15CAF03DD68A}.Release|x64.ActiveCfg = Release|Any CPU
		{420FE435-FFEE-4828-B33C-15CAF03DD68A}.Release|x64.Build.0 = Release|Any CPU
		{420FE435-FFEE-4828-B33C-15CAF03DD68A}.Release|x86.ActiveCfg = Release|Any CPU
		{420FE435-FFEE-4828-B33C-15CAF03DD68A}.Release|x86.Build.0 = Release|Any CPU
		{D2A6C80E-FB5A-460C-B845-4B1026C55CCB}.Debug|Any CPU.ActiveCfg = Debug|Any CPU
		{D2A6C80E-FB5A-460C-B845-4B1026C55CCB}.Debug|Any CPU.Build.0 = Debug|Any CPU
		{D2A6C80E-FB5A-460C-B845-4B1026C55CCB}.Debug|x64.ActiveCfg = Debug|Any CPU
		{D2A6C80E-FB5A-460C-B845-4B1026C55CCB}.Debug|x64.Build.0 = Debug|Any CPU
		{D2A6C80E-FB5A-460C-B845-4B1026C55CCB}.Debug|x86.ActiveCfg = Debug|Any CPU
		{D2A6C80E-FB5A-460C-B845-4B1026C55CCB}.Debug|x86.Build.0 = Debug|Any CPU
		{D2A6C80E-FB5A-460C-B845-4B1026C55CCB}.Release|Any CPU.ActiveCfg = Release|Any CPU
		{D2A6C80E-FB5A-460C-B845-4B1026C55CCB}.Release|Any CPU.Build.0 = Release|Any CPU
		{D2A6C80E-FB5A-460C-B845-4B1026C55CCB}.Release|x64.ActiveCfg = Release|Any CPU
		{D2A6C80E-FB5A-460C-B845-4B1026C55CCB}.Release|x64.Build.0 = Release|Any CPU
		{D2A6C80E-FB5A-460C-B845-4B1026C55CCB}.Release|x86.ActiveCfg = Release|Any CPU
		{D2A6C80E-FB5A-460C-B845-4B1026C55CCB}.Release|x86.Build.0 = Release|Any CPU
		{C995789E-3EA4-4342-811E-BA932CE9F159}.Debug|Any CPU.ActiveCfg = Debug|Any CPU
		{C995789E-3EA4-4342-811E-BA932CE9F159}.Debug|Any CPU.Build.0 = Debug|Any CPU
		{C995789E-3EA4-4342-811E-BA932CE9F159}.Debug|x64.ActiveCfg = Debug|Any CPU
		{C995789E-3EA4-4342-811E-BA932CE9F159}.Debug|x64.Build.0 = Debug|Any CPU
		{C995789E-3EA4-4342-811E-BA932CE9F159}.Debug|x86.ActiveCfg = Debug|Any CPU
		{C995789E-3EA4-4342-811E-BA932CE9F159}.Debug|x86.Build.0 = Debug|Any CPU
		{C995789E-3EA4-4342-811E-BA932CE9F159}.Release|Any CPU.ActiveCfg = Release|Any CPU
		{C995789E-3EA4-4342-811E-BA932CE9F159}.Release|Any CPU.Build.0 = Release|Any CPU
		{C995789E-3EA4-4342-811E-BA932CE9F159}.Release|x64.ActiveCfg = Release|Any CPU
		{C995789E-3EA4-4342-811E-BA932CE9F159}.Release|x64.Build.0 = Release|Any CPU
		{C995789E-3EA4-4342-811E-BA932CE9F159}.Release|x86.ActiveCfg = Release|Any CPU
		{C995789E-3EA4-4342-811E-BA932CE9F159}.Release|x86.Build.0 = Release|Any CPU
		{0CA72ECB-9EFC-4C3B-936F-D2A377A3B9DC}.Debug|Any CPU.ActiveCfg = Debug|Any CPU
		{0CA72ECB-9EFC-4C3B-936F-D2A377A3B9DC}.Debug|Any CPU.Build.0 = Debug|Any CPU
		{0CA72ECB-9EFC-4C3B-936F-D2A377A3B9DC}.Debug|x64.ActiveCfg = Debug|Any CPU
		{0CA72ECB-9EFC-4C3B-936F-D2A377A3B9DC}.Debug|x64.Build.0 = Debug|Any CPU
		{0CA72ECB-9EFC-4C3B-936F-D2A377A3B9DC}.Debug|x86.ActiveCfg = Debug|Any CPU
		{0CA72ECB-9EFC-4C3B-936F-D2A377A3B9DC}.Debug|x86.Build.0 = Debug|Any CPU
		{0CA72ECB-9EFC-4C3B-936F-D2A377A3B9DC}.Release|Any CPU.ActiveCfg = Release|Any CPU
		{0CA72ECB-9EFC-4C3B-936F-D2A377A3B9DC}.Release|Any CPU.Build.0 = Release|Any CPU
		{0CA72ECB-9EFC-4C3B-936F-D2A377A3B9DC}.Release|x64.ActiveCfg = Release|Any CPU
		{0CA72ECB-9EFC-4C3B-936F-D2A377A3B9DC}.Release|x64.Build.0 = Release|Any CPU
		{0CA72ECB-9EFC-4C3B-936F-D2A377A3B9DC}.Release|x86.ActiveCfg = Release|Any CPU
		{0CA72ECB-9EFC-4C3B-936F-D2A377A3B9DC}.Release|x86.Build.0 = Release|Any CPU
		{650E986F-DEAC-4710-A197-A3FB76E111E6}.Debug|Any CPU.ActiveCfg = Debug|Any CPU
		{650E986F-DEAC-4710-A197-A3FB76E111E6}.Debug|Any CPU.Build.0 = Debug|Any CPU
		{650E986F-DEAC-4710-A197-A3FB76E111E6}.Debug|x64.ActiveCfg = Debug|Any CPU
		{650E986F-DEAC-4710-A197-A3FB76E111E6}.Debug|x64.Build.0 = Debug|Any CPU
		{650E986F-DEAC-4710-A197-A3FB76E111E6}.Debug|x86.ActiveCfg = Debug|Any CPU
		{650E986F-DEAC-4710-A197-A3FB76E111E6}.Debug|x86.Build.0 = Debug|Any CPU
		{650E986F-DEAC-4710-A197-A3FB76E111E6}.Release|Any CPU.ActiveCfg = Release|Any CPU
		{650E986F-DEAC-4710-A197-A3FB76E111E6}.Release|Any CPU.Build.0 = Release|Any CPU
		{650E986F-DEAC-4710-A197-A3FB76E111E6}.Release|x64.ActiveCfg = Release|Any CPU
		{650E986F-DEAC-4710-A197-A3FB76E111E6}.Release|x64.Build.0 = Release|Any CPU
		{650E986F-DEAC-4710-A197-A3FB76E111E6}.Release|x86.ActiveCfg = Release|Any CPU
		{650E986F-DEAC-4710-A197-A3FB76E111E6}.Release|x86.Build.0 = Release|Any CPU
	EndGlobalSection
	GlobalSection(SolutionProperties) = preSolution
		HideSolutionNode = FALSE
	EndGlobalSection
	GlobalSection(NestedProjects) = preSolution
		{5B185D20-9A69-4A88-89D9-77977EDD64A4} = {827E0CD3-B72D-47B6-A68D-7590B98EB39B}
		{420FE435-FFEE-4828-B33C-15CAF03DD68A} = {0AB3BF05-4346-4AA6-1389-037BE0695223}
		{D2A6C80E-FB5A-460C-B845-4B1026C55CCB} = {5D20AA90-6969-D8BD-9DCD-8634F4692FDA}
		{C995789E-3EA4-4342-811E-BA932CE9F159} = {5D20AA90-6969-D8BD-9DCD-8634F4692FDA}
		{0CA72ECB-9EFC-4C3B-936F-D2A377A3B9DC} = {827E0CD3-B72D-47B6-A68D-7590B98EB39B}
		{650E986F-DEAC-4710-A197-A3FB76E111E6} = {5D20AA90-6969-D8BD-9DCD-8634F4692FDA}
	EndGlobalSection
	GlobalSection(ExtensibilityGlobals) = postSolution
		SolutionGuid = {3B67A346-240B-4DAC-ADDB-E08B41620648}
	EndGlobalSection
EndGlobal
